
Microsoft Visual Studio Solution File, Format Version 12.00
# Visual Studio Version 16
VisualStudioVersion = 16.0.32407.337
MinimumVisualStudioVersion = 10.0.40219.1
Project("{FAE04EC0-301F-11D3-BF4B-00C04F79EFBC}") = "2001202045_VuNgoDat_Buoi3", "2001202045_VuNgoDat_Buoi3\2001202045_VuNgoDat_Buoi3.csproj", "{491BEE51-758E-4B34-B508-4159A37F5086}"
EndProject
Global
	GlobalSection(SolutionConfigurationPlatforms) = preSolution
		Debug|Any CPU = Debug|Any CPU
		Release|Any CPU = Release|Any CPU
	EndGlobalSection
	GlobalSection(ProjectConfigurationPlatforms) = postSolution
		{491BEE51-758E-4B34-B508-4159A37F5086}.Debug|Any CPU.ActiveCfg = Debug|Any CPU
		{491BEE51-758E-4B34-B508-4159A37F5086}.Debug|Any CPU.Build.0 = Debug|Any CPU
		{491BEE51-758E-4B34-B508-4159A37F5086}.Release|Any CPU.ActiveCfg = Release|Any CPU
		{491BEE51-758E-4B34-B508-4159A37F5086}.Release|Any CPU.Build.0 = Release|Any CPU
	EndGlobalSection
	GlobalSection(SolutionProperties) = preSolution
		HideSolutionNode = FALSE
	EndGlobalSection
	GlobalSection(ExtensibilityGlobals) = postSolution
		SolutionGuid = {60EA8810-87FB-4B3D-88B4-9876F5F8D34B}
	EndGlobalSection
EndGlobal
